// !$*UTF8*$!
{
	archiveVersion = 1;
	classes = {
	};
	objectVersion = 46;
	objects = {

/* Begin PBXBuildFile section */
		CF19AD061D02AE5F00634E1A /* main.m in Sources */ = {isa = PBXBuildFile; fileRef = CF19AD051D02AE5F00634E1A /* main.m */; };
		CF19AD091D02AE5F00634E1A /* AppDelegate.m in Sources */ = {isa = PBXBuildFile; fileRef = CF19AD081D02AE5F00634E1A /* AppDelegate.m */; };
		CF19AD0C1D02AE5F00634E1A /* ViewController.m in Sources */ = {isa = PBXBuildFile; fileRef = CF19AD0B1D02AE5F00634E1A /* ViewController.m */; };
		CF19AD0F1D02AE5F00634E1A /* Main.storyboard in Resources */ = {isa = PBXBuildFile; fileRef = CF19AD0D1D02AE5F00634E1A /* Main.storyboard */; };
		CF19AD111D02AE5F00634E1A /* Assets.xcassets in Resources */ = {isa = PBXBuildFile; fileRef = CF19AD101D02AE5F00634E1A /* Assets.xcassets */; };
		CF19AD1F1D02AE5F00634E1A /* iPad_MeiTuanTests.m in Sources */ = {isa = PBXBuildFile; fileRef = CF19AD1E1D02AE5F00634E1A /* iPad_MeiTuanTests.m */; };
		CF19AD2A1D02AE5F00634E1A /* iPad_MeiTuanUITests.m in Sources */ = {isa = PBXBuildFile; fileRef = CF19AD291D02AE5F00634E1A /* iPad_MeiTuanUITests.m */; };
		CF19AD3C1D02B22F00634E1A /* JSNavigationController.m in Sources */ = {isa = PBXBuildFile; fileRef = CF19AD3B1D02B22F00634E1A /* JSNavigationController.m */; };
		CF19AD3F1D02B42800634E1A /* JSTopItemView.m in Sources */ = {isa = PBXBuildFile; fileRef = CF19AD3E1D02B42800634E1A /* JSTopItemView.m */; };
		CF19AD411D02B47700634E1A /* JSTopItemView.xib in Resources */ = {isa = PBXBuildFile; fileRef = CF19AD401D02B47700634E1A /* JSTopItemView.xib */; };
		CF19AD441D02BE5600634E1A /* JSCategoryVC.m in Sources */ = {isa = PBXBuildFile; fileRef = CF19AD431D02BE5600634E1A /* JSCategoryVC.m */; };
		CF19AD471D02C0B300634E1A /* JSTwoTableView.m in Sources */ = {isa = PBXBuildFile; fileRef = CF19AD461D02C0B300634E1A /* JSTwoTableView.m */; };
		CF19AD491D02C0BF00634E1A /* JSTwoTableView.xib in Resources */ = {isa = PBXBuildFile; fileRef = CF19AD481D02C0BF00634E1A /* JSTwoTableView.xib */; };
		CF19AD4D1D02C25200634E1A /* categories.plist in Resources */ = {isa = PBXBuildFile; fileRef = CF19AD4A1D02C25200634E1A /* categories.plist */; };
		CF19AD4E1D02C25200634E1A /* gz.plist in Resources */ = {isa = PBXBuildFile; fileRef = CF19AD4B1D02C25200634E1A /* gz.plist */; };
		CF19AD4F1D02C25200634E1A /* sorts.plist in Resources */ = {isa = PBXBuildFile; fileRef = CF19AD4C1D02C25200634E1A /* sorts.plist */; };
		CF19AD621D02C2DC00634E1A /* MJExtensionConst.m in Sources */ = {isa = PBXBuildFile; fileRef = CF19AD531D02C2DC00634E1A /* MJExtensionConst.m */; };
		CF19AD631D02C2DC00634E1A /* MJFoundation.m in Sources */ = {isa = PBXBuildFile; fileRef = CF19AD551D02C2DC00634E1A /* MJFoundation.m */; };
		CF19AD641D02C2DC00634E1A /* MJProperty.m in Sources */ = {isa = PBXBuildFile; fileRef = CF19AD571D02C2DC00634E1A /* MJProperty.m */; };
		CF19AD651D02C2DC00634E1A /* MJType.m in Sources */ = {isa = PBXBuildFile; fileRef = CF19AD591D02C2DC00634E1A /* MJType.m */; };
		CF19AD661D02C2DC00634E1A /* NSObject+MJCoding.m in Sources */ = {isa = PBXBuildFile; fileRef = CF19AD5B1D02C2DC00634E1A /* NSObject+MJCoding.m */; };
		CF19AD671D02C2DC00634E1A /* NSObject+MJKeyValue.m in Sources */ = {isa = PBXBuildFile; fileRef = CF19AD5D1D02C2DC00634E1A /* NSObject+MJKeyValue.m */; };
		CF19AD681D02C2DC00634E1A /* NSObject+MJProperty.m in Sources */ = {isa = PBXBuildFile; fileRef = CF19AD5F1D02C2DC00634E1A /* NSObject+MJProperty.m */; };
		CF19AD691D02C2DC00634E1A /* NSString+MJExtension.m in Sources */ = {isa = PBXBuildFile; fileRef = CF19AD611D02C2DC00634E1A /* NSString+MJExtension.m */; };
		CF19AD6C1D02C35300634E1A /* CategoryModel.m in Sources */ = {isa = PBXBuildFile; fileRef = CF19AD6B1D02C35300634E1A /* CategoryModel.m */; };
		CF19AD721D02C41600634E1A /* ZoneModel.m in Sources */ = {isa = PBXBuildFile; fileRef = CF19AD711D02C41600634E1A /* ZoneModel.m */; };
		CF19AD751D02C44C00634E1A /* SortModel.m in Sources */ = {isa = PBXBuildFile; fileRef = CF19AD741D02C44C00634E1A /* SortModel.m */; };
/* End PBXBuildFile section */

/* Begin PBXContainerItemProxy section */
		CF19AD1B1D02AE5F00634E1A /* PBXContainerItemProxy */ = {
			isa = PBXContainerItemProxy;
			containerPortal = CF19ACF91D02AE5F00634E1A /* Project object */;
			proxyType = 1;
			remoteGlobalIDString = CF19AD001D02AE5F00634E1A;
			remoteInfo = iPad_MeiTuan;
		};
		CF19AD261D02AE5F00634E1A /* PBXContainerItemProxy */ = {
			isa = PBXContainerItemProxy;
			containerPortal = CF19ACF91D02AE5F00634E1A /* Project object */;
			proxyType = 1;
			remoteGlobalIDString = CF19AD001D02AE5F00634E1A;
			remoteInfo = iPad_MeiTuan;
		};
/* End PBXContainerItemProxy section */

/* Begin PBXFileReference section */
		CF19AD011D02AE5F00634E1A /* iPad_MeiTuan.app */ = {isa = PBXFileReference; explicitFileType = wrapper.application; includeInIndex = 0; path = iPad_MeiTuan.app; sourceTree = BUILT_PRODUCTS_DIR; };
		CF19AD051D02AE5F00634E1A /* main.m */ = {isa = PBXFileReference; lastKnownFileType = sourcecode.c.objc; path = main.m; sourceTree = "<group>"; };
		CF19AD071D02AE5F00634E1A /* AppDelegate.h */ = {isa = PBXFileReference; lastKnownFileType = sourcecode.c.h; path = AppDelegate.h; sourceTree = "<group>"; };
		CF19AD081D02AE5F00634E1A /* AppDelegate.m */ = {isa = PBXFileReference; lastKnownFileType = sourcecode.c.objc; path = AppDelegate.m; sourceTree = "<group>"; };
		CF19AD0A1D02AE5F00634E1A /* ViewController.h */ = {isa = PBXFileReference; lastKnownFileType = sourcecode.c.h; path = ViewController.h; sourceTree = "<group>"; };
		CF19AD0B1D02AE5F00634E1A /* ViewController.m */ = {isa = PBXFileReference; lastKnownFileType = sourcecode.c.objc; path = ViewController.m; sourceTree = "<group>"; };
		CF19AD0E1D02AE5F00634E1A /* Base */ = {isa = PBXFileReference; lastKnownFileType = file.storyboard; name = Base; path = Base.lproj/Main.storyboard; sourceTree = "<group>"; };
		CF19AD101D02AE5F00634E1A /* Assets.xcassets */ = {isa = PBXFileReference; lastKnownFileType = folder.assetcatalog; path = Assets.xcassets; sourceTree = "<group>"; };
		CF19AD151D02AE5F00634E1A /* Info.plist */ = {isa = PBXFileReference; lastKnownFileType = text.plist.xml; path = Info.plist; sourceTree = "<group>"; };
		CF19AD1A1D02AE5F00634E1A /* iPad_MeiTuanTests.xctest */ = {isa = PBXFileReference; explicitFileType = wrapper.cfbundle; includeInIndex = 0; path = iPad_MeiTuanTests.xctest; sourceTree = BUILT_PRODUCTS_DIR; };
		CF19AD1E1D02AE5F00634E1A /* iPad_MeiTuanTests.m */ = {isa = PBXFileReference; lastKnownFileType = sourcecode.c.objc; path = iPad_MeiTuanTests.m; sourceTree = "<group>"; };
		CF19AD201D02AE5F00634E1A /* Info.plist */ = {isa = PBXFileReference; lastKnownFileType = text.plist.xml; path = Info.plist; sourceTree = "<group>"; };
		CF19AD251D02AE5F00634E1A /* iPad_MeiTuanUITests.xctest */ = {isa = PBXFileReference; explicitFileType = wrapper.cfbundle; includeInIndex = 0; path = iPad_MeiTuanUITests.xctest; sourceTree = BUILT_PRODUCTS_DIR; };
		CF19AD291D02AE5F00634E1A /* iPad_MeiTuanUITests.m */ = {isa = PBXFileReference; lastKnownFileType = sourcecode.c.objc; path = iPad_MeiTuanUITests.m; sourceTree = "<group>"; };
		CF19AD2B1D02AE5F00634E1A /* Info.plist */ = {isa = PBXFileReference; lastKnownFileType = text.plist.xml; path = Info.plist; sourceTree = "<group>"; };
		CF19AD3A1D02B22F00634E1A /* JSNavigationController.h */ = {isa = PBXFileReference; fileEncoding = 4; lastKnownFileType = sourcecode.c.h; path = JSNavigationController.h; sourceTree = "<group>"; };
		CF19AD3B1D02B22F00634E1A /* JSNavigationController.m */ = {isa = PBXFileReference; fileEncoding = 4; lastKnownFileType = sourcecode.c.objc; path = JSNavigationController.m; sourceTree = "<group>"; };
		CF19AD3D1D02B42800634E1A /* JSTopItemView.h */ = {isa = PBXFileReference; fileEncoding = 4; lastKnownFileType = sourcecode.c.h; path = JSTopItemView.h; sourceTree = "<group>"; };
		CF19AD3E1D02B42800634E1A /* JSTopItemView.m */ = {isa = PBXFileReference; fileEncoding = 4; lastKnownFileType = sourcecode.c.objc; path = JSTopItemView.m; sourceTree = "<group>"; };
		CF19AD401D02B47700634E1A /* JSTopItemView.xib */ = {isa = PBXFileReference; fileEncoding = 4; lastKnownFileType = file.xib; path = JSTopItemView.xib; sourceTree = "<group>"; };
		CF19AD421D02BE5600634E1A /* JSCategoryVC.h */ = {isa = PBXFileReference; fileEncoding = 4; lastKnownFileType = sourcecode.c.h; path = JSCategoryVC.h; sourceTree = "<group>"; };
		CF19AD431D02BE5600634E1A /* JSCategoryVC.m */ = {isa = PBXFileReference; fileEncoding = 4; lastKnownFileType = sourcecode.c.objc; path = JSCategoryVC.m; sourceTree = "<group>"; };
		CF19AD451D02C0B300634E1A /* JSTwoTableView.h */ = {isa = PBXFileReference; fileEncoding = 4; lastKnownFileType = sourcecode.c.h; path = JSTwoTableView.h; sourceTree = "<group>"; };
		CF19AD461D02C0B300634E1A /* JSTwoTableView.m */ = {isa = PBXFileReference; fileEncoding = 4; lastKnownFileType = sourcecode.c.objc; path = JSTwoTableView.m; sourceTree = "<group>"; };
		CF19AD481D02C0BF00634E1A /* JSTwoTableView.xib */ = {isa = PBXFileReference; fileEncoding = 4; lastKnownFileType = file.xib; path = JSTwoTableView.xib; sourceTree = "<group>"; };
		CF19AD4A1D02C25200634E1A /* categories.plist */ = {isa = PBXFileReference; fileEncoding = 4; lastKnownFileType = text.plist.xml; path = categories.plist; sourceTree = "<group>"; };
		CF19AD4B1D02C25200634E1A /* gz.plist */ = {isa = PBXFileReference; fileEncoding = 4; lastKnownFileType = text.plist.xml; path = gz.plist; sourceTree = "<group>"; };
		CF19AD4C1D02C25200634E1A /* sorts.plist */ = {isa = PBXFileReference; fileEncoding = 4; lastKnownFileType = text.plist.xml; path = sorts.plist; sourceTree = "<group>"; };
		CF19AD511D02C2DC00634E1A /* MJExtension.h */ = {isa = PBXFileReference; fileEncoding = 4; lastKnownFileType = sourcecode.c.h; path = MJExtension.h; sourceTree = "<group>"; };
		CF19AD521D02C2DC00634E1A /* MJExtensionConst.h */ = {isa = PBXFileReference; fileEncoding = 4; lastKnownFileType = sourcecode.c.h; path = MJExtensionConst.h; sourceTree = "<group>"; };
		CF19AD531D02C2DC00634E1A /* MJExtensionConst.m */ = {isa = PBXFileReference; fileEncoding = 4; lastKnownFileType = sourcecode.c.objc; path = MJExtensionConst.m; sourceTree = "<group>"; };
		CF19AD541D02C2DC00634E1A /* MJFoundation.h */ = {isa = PBXFileReference; fileEncoding = 4; lastKnownFileType = sourcecode.c.h; path = MJFoundation.h; sourceTree = "<group>"; };
		CF19AD551D02C2DC00634E1A /* MJFoundation.m */ = {isa = PBXFileReference; fileEncoding = 4; lastKnownFileType = sourcecode.c.objc; path = MJFoundation.m; sourceTree = "<group>"; };
		CF19AD561D02C2DC00634E1A /* MJProperty.h */ = {isa = PBXFileReference; fileEncoding = 4; lastKnownFileType = sourcecode.c.h; path = MJProperty.h; sourceTree = "<group>"; };
		CF19AD571D02C2DC00634E1A /* MJProperty.m */ = {isa = PBXFileReference; fileEncoding = 4; lastKnownFileType = sourcecode.c.objc; path = MJProperty.m; sourceTree = "<group>"; };
		CF19AD581D02C2DC00634E1A /* MJType.h */ = {isa = PBXFileReference; fileEncoding = 4; lastKnownFileType = sourcecode.c.h; path = MJType.h; sourceTree = "<group>"; };
		CF19AD591D02C2DC00634E1A /* MJType.m */ = {isa = PBXFileReference; fileEncoding = 4; lastKnownFileType = sourcecode.c.objc; path = MJType.m; sourceTree = "<group>"; };
		CF19AD5A1D02C2DC00634E1A /* NSObject+MJCoding.h */ = {isa = PBXFileReference; fileEncoding = 4; lastKnownFileType = sourcecode.c.h; path = "NSObject+MJCoding.h"; sourceTree = "<group>"; };
		CF19AD5B1D02C2DC00634E1A /* NSObject+MJCoding.m */ = {isa = PBXFileReference; fileEncoding = 4; lastKnownFileType = sourcecode.c.objc; path = "NSObject+MJCoding.m"; sourceTree = "<group>"; };
		CF19AD5C1D02C2DC00634E1A /* NSObject+MJKeyValue.h */ = {isa = PBXFileReference; fileEncoding = 4; lastKnownFileType = sourcecode.c.h; path = "NSObject+MJKeyValue.h"; sourceTree = "<group>"; };
		CF19AD5D1D02C2DC00634E1A /* NSObject+MJKeyValue.m */ = {isa = PBXFileReference; fileEncoding = 4; lastKnownFileType = sourcecode.c.objc; path = "NSObject+MJKeyValue.m"; sourceTree = "<group>"; };
		CF19AD5E1D02C2DC00634E1A /* NSObject+MJProperty.h */ = {isa = PBXFileReference; fileEncoding = 4; lastKnownFileType = sourcecode.c.h; path = "NSObject+MJProperty.h"; sourceTree = "<group>"; };
		CF19AD5F1D02C2DC00634E1A /* NSObject+MJProperty.m */ = {isa = PBXFileReference; fileEncoding = 4; lastKnownFileType = sourcecode.c.objc; path = "NSObject+MJProperty.m"; sourceTree = "<group>"; };
		CF19AD601D02C2DC00634E1A /* NSString+MJExtension.h */ = {isa = PBXFileReference; fileEncoding = 4; lastKnownFileType = sourcecode.c.h; path = "NSString+MJExtension.h"; sourceTree = "<group>"; };
		CF19AD611D02C2DC00634E1A /* NSString+MJExtension.m */ = {isa = PBXFileReference; fileEncoding = 4; lastKnownFileType = sourcecode.c.objc; path = "NSString+MJExtension.m"; sourceTree = "<group>"; };
		CF19AD6A1D02C35300634E1A /* CategoryModel.h */ = {isa = PBXFileReference; fileEncoding = 4; lastKnownFileType = sourcecode.c.h; path = CategoryModel.h; sourceTree = "<group>"; };
		CF19AD6B1D02C35300634E1A /* CategoryModel.m */ = {isa = PBXFileReference; fileEncoding = 4; lastKnownFileType = sourcecode.c.objc; path = CategoryModel.m; sourceTree = "<group>"; };
		CF19AD701D02C41600634E1A /* ZoneModel.h */ = {isa = PBXFileReference; fileEncoding = 4; lastKnownFileType = sourcecode.c.h; name = ZoneModel.h; path = ../ZoneModel.h; sourceTree = "<group>"; };
		CF19AD711D02C41600634E1A /* ZoneModel.m */ = {isa = PBXFileReference; fileEncoding = 4; lastKnownFileType = sourcecode.c.objc; name = ZoneModel.m; path = ../ZoneModel.m; sourceTree = "<group>"; };
		CF19AD731D02C44C00634E1A /* SortModel.h */ = {isa = PBXFileReference; fileEncoding = 4; lastKnownFileType = sourcecode.c.h; path = SortModel.h; sourceTree = "<group>"; };
		CF19AD741D02C44C00634E1A /* SortModel.m */ = {isa = PBXFileReference; fileEncoding = 4; lastKnownFileType = sourcecode.c.objc; path = SortModel.m; sourceTree = "<group>"; };
/* End PBXFileReference section */

/* Begin PBXFrameworksBuildPhase section */
		CF19ACFE1D02AE5F00634E1A /* Frameworks */ = {
			isa = PBXFrameworksBuildPhase;
			buildActionMask = 2147483647;
			files = (
			);
			runOnlyForDeploymentPostprocessing = 0;
		};
		CF19AD171D02AE5F00634E1A /* Frameworks */ = {
			isa = PBXFrameworksBuildPhase;
			buildActionMask = 2147483647;
			files = (
			);
			runOnlyForDeploymentPostprocessing = 0;
		};
		CF19AD221D02AE5F00634E1A /* Frameworks */ = {
			isa = PBXFrameworksBuildPhase;
			buildActionMask = 2147483647;
			files = (
			);
			runOnlyForDeploymentPostprocessing = 0;
		};
/* End PBXFrameworksBuildPhase section */

/* Begin PBXGroup section */
		CF19ACF81D02AE5F00634E1A = {
			isa = PBXGroup;
			children = (
				CF19AD031D02AE5F00634E1A /* iPad_MeiTuan */,
				CF19AD1D1D02AE5F00634E1A /* iPad_MeiTuanTests */,
				CF19AD281D02AE5F00634E1A /* iPad_MeiTuanUITests */,
				CF19AD021D02AE5F00634E1A /* Products */,
			);
			sourceTree = "<group>";
		};
		CF19AD021D02AE5F00634E1A /* Products */ = {
			isa = PBXGroup;
			children = (
				CF19AD011D02AE5F00634E1A /* iPad_MeiTuan.app */,
				CF19AD1A1D02AE5F00634E1A /* iPad_MeiTuanTests.xctest */,
				CF19AD251D02AE5F00634E1A /* iPad_MeiTuanUITests.xctest */,
			);
			name = Products;
			sourceTree = "<group>";
		};
		CF19AD031D02AE5F00634E1A /* iPad_MeiTuan */ = {
			isa = PBXGroup;
			children = (
				CF19AD371D02AE6C00634E1A /* Model */,
				CF19AD381D02AEDB00634E1A /* View */,
				CF19AD391D02AEFB00634E1A /* Controller */,
				CF19AD041D02AE5F00634E1A /* Supporting Files */,
			);
			path = iPad_MeiTuan;
			sourceTree = "<group>";
		};
		CF19AD041D02AE5F00634E1A /* Supporting Files */ = {
			isa = PBXGroup;
			children = (
				CF19AD501D02C2DC00634E1A /* MJExtension */,
				CF19AD4A1D02C25200634E1A /* categories.plist */,
				CF19AD4B1D02C25200634E1A /* gz.plist */,
				CF19AD4C1D02C25200634E1A /* sorts.plist */,
				CF19AD071D02AE5F00634E1A /* AppDelegate.h */,
				CF19AD081D02AE5F00634E1A /* AppDelegate.m */,
				CF19AD0D1D02AE5F00634E1A /* Main.storyboard */,
				CF19AD101D02AE5F00634E1A /* Assets.xcassets */,
				CF19AD151D02AE5F00634E1A /* Info.plist */,
				CF19AD051D02AE5F00634E1A /* main.m */,
			);
			name = "Supporting Files";
			sourceTree = "<group>";
		};
		CF19AD1D1D02AE5F00634E1A /* iPad_MeiTuanTests */ = {
			isa = PBXGroup;
			children = (
				CF19AD1E1D02AE5F00634E1A /* iPad_MeiTuanTests.m */,
				CF19AD201D02AE5F00634E1A /* Info.plist */,
			);
			path = iPad_MeiTuanTests;
			sourceTree = "<group>";
		};
		CF19AD281D02AE5F00634E1A /* iPad_MeiTuanUITests */ = {
			isa = PBXGroup;
			children = (
				CF19AD291D02AE5F00634E1A /* iPad_MeiTuanUITests.m */,
				CF19AD2B1D02AE5F00634E1A /* Info.plist */,
			);
			path = iPad_MeiTuanUITests;
			sourceTree = "<group>";
		};
		CF19AD371D02AE6C00634E1A /* Model */ = {
			isa = PBXGroup;
			children = (
				CF19AD701D02C41600634E1A /* ZoneModel.h */,
				CF19AD711D02C41600634E1A /* ZoneModel.m */,
				CF19AD6A1D02C35300634E1A /* CategoryModel.h */,
				CF19AD6B1D02C35300634E1A /* CategoryModel.m */,
				CF19AD731D02C44C00634E1A /* SortModel.h */,
				CF19AD741D02C44C00634E1A /* SortModel.m */,
			);
			name = Model;
			sourceTree = "<group>";
		};
		CF19AD381D02AEDB00634E1A /* View */ = {
			isa = PBXGroup;
			children = (
				CF19AD3D1D02B42800634E1A /* JSTopItemView.h */,
				CF19AD3E1D02B42800634E1A /* JSTopItemView.m */,
				CF19AD401D02B47700634E1A /* JSTopItemView.xib */,
				CF19AD451D02C0B300634E1A /* JSTwoTableView.h */,
				CF19AD461D02C0B300634E1A /* JSTwoTableView.m */,
				CF19AD481D02C0BF00634E1A /* JSTwoTableView.xib */,
			);
			name = View;
			sourceTree = "<group>";
		};
		CF19AD391D02AEFB00634E1A /* Controller */ = {
			isa = PBXGroup;
			children = (
				CF19AD0A1D02AE5F00634E1A /* ViewController.h */,
				CF19AD0B1D02AE5F00634E1A /* ViewController.m */,
				CF19AD3A1D02B22F00634E1A /* JSNavigationController.h */,
				CF19AD3B1D02B22F00634E1A /* JSNavigationController.m */,
				CF19AD421D02BE5600634E1A /* JSCategoryVC.h */,
				CF19AD431D02BE5600634E1A /* JSCategoryVC.m */,
			);
			name = Controller;
			sourceTree = "<group>";
		};
		CF19AD501D02C2DC00634E1A /* MJExtension */ = {
			isa = PBXGroup;
			children = (
				CF19AD511D02C2DC00634E1A /* MJExtension.h */,
				CF19AD521D02C2DC00634E1A /* MJExtensionConst.h */,
				CF19AD531D02C2DC00634E1A /* MJExtensionConst.m */,
				CF19AD541D02C2DC00634E1A /* MJFoundation.h */,
				CF19AD551D02C2DC00634E1A /* MJFoundation.m */,
				CF19AD561D02C2DC00634E1A /* MJProperty.h */,
				CF19AD571D02C2DC00634E1A /* MJProperty.m */,
				CF19AD581D02C2DC00634E1A /* MJType.h */,
				CF19AD591D02C2DC00634E1A /* MJType.m */,
				CF19AD5A1D02C2DC00634E1A /* NSObject+MJCoding.h */,
				CF19AD5B1D02C2DC00634E1A /* NSObject+MJCoding.m */,
				CF19AD5C1D02C2DC00634E1A /* NSObject+MJKeyValue.h */,
				CF19AD5D1D02C2DC00634E1A /* NSObject+MJKeyValue.m */,
				CF19AD5E1D02C2DC00634E1A /* NSObject+MJProperty.h */,
				CF19AD5F1D02C2DC00634E1A /* NSObject+MJProperty.m */,
				CF19AD601D02C2DC00634E1A /* NSString+MJExtension.h */,
				CF19AD611D02C2DC00634E1A /* NSString+MJExtension.m */,
			);
			path = MJExtension;
			sourceTree = "<group>";
		};
/* End PBXGroup section */

/* Begin PBXNativeTarget section */
		CF19AD001D02AE5F00634E1A /* iPad_MeiTuan */ = {
			isa = PBXNativeTarget;
			buildConfigurationList = CF19AD2E1D02AE5F00634E1A /* Build configuration list for PBXNativeTarget "iPad_MeiTuan" */;
			buildPhases = (
				CF19ACFD1D02AE5F00634E1A /* Sources */,
				CF19ACFE1D02AE5F00634E1A /* Frameworks */,
				CF19ACFF1D02AE5F00634E1A /* Resources */,
			);
			buildRules = (
			);
			dependencies = (
			);
			name = iPad_MeiTuan;
			productName = iPad_MeiTuan;
			productReference = CF19AD011D02AE5F00634E1A /* iPad_MeiTuan.app */;
			productType = "com.apple.product-type.application";
		};
		CF19AD191D02AE5F00634E1A /* iPad_MeiTuanTests */ = {
			isa = PBXNativeTarget;
			buildConfigurationList = CF19AD311D02AE5F00634E1A /* Build configuration list for PBXNativeTarget "iPad_MeiTuanTests" */;
			buildPhases = (
				CF19AD161D02AE5F00634E1A /* Sources */,
				CF19AD171D02AE5F00634E1A /* Frameworks */,
				CF19AD181D02AE5F00634E1A /* Resources */,
			);
			buildRules = (
			);
			dependencies = (
				CF19AD1C1D02AE5F00634E1A /* PBXTargetDependency */,
			);
			name = iPad_MeiTuanTests;
			productName = iPad_MeiTuanTests;
			productReference = CF19AD1A1D02AE5F00634E1A /* iPad_MeiTuanTests.xctest */;
			productType = "com.apple.product-type.bundle.unit-test";
		};
		CF19AD241D02AE5F00634E1A /* iPad_MeiTuanUITests */ = {
			isa = PBXNativeTarget;
			buildConfigurationList = CF19AD341D02AE5F00634E1A /* Build configuration list for PBXNativeTarget "iPad_MeiTuanUITests" */;
			buildPhases = (
				CF19AD211D02AE5F00634E1A /* Sources */,
				CF19AD221D02AE5F00634E1A /* Frameworks */,
				CF19AD231D02AE5F00634E1A /* Resources */,
			);
			buildRules = (
			);
			dependencies = (
				CF19AD271D02AE5F00634E1A /* PBXTargetDependency */,
			);
			name = iPad_MeiTuanUITests;
			productName = iPad_MeiTuanUITests;
			productReference = CF19AD251D02AE5F00634E1A /* iPad_MeiTuanUITests.xctest */;
			productType = "com.apple.product-type.bundle.ui-testing";
		};
/* End PBXNativeTarget section */

/* Begin PBXProject section */
		CF19ACF91D02AE5F00634E1A /* Project object */ = {
			isa = PBXProject;
			attributes = {
				LastUpgradeCheck = 0730;
				ORGANIZATIONNAME = jiangsu;
				TargetAttributes = {
					CF19AD001D02AE5F00634E1A = {
						CreatedOnToolsVersion = 7.3.1;
						DevelopmentTeam = 4SU7V64Q9J;
					};
					CF19AD191D02AE5F00634E1A = {
						CreatedOnToolsVersion = 7.3.1;
						DevelopmentTeam = 4SU7V64Q9J;
						TestTargetID = CF19AD001D02AE5F00634E1A;
					};
					CF19AD241D02AE5F00634E1A = {
						CreatedOnToolsVersion = 7.3.1;
						DevelopmentTeam = 4SU7V64Q9J;
						TestTargetID = CF19AD001D02AE5F00634E1A;
					};
				};
			};
			buildConfigurationList = CF19ACFC1D02AE5F00634E1A /* Build configuration list for PBXProject "iPad_MeiTuan" */;
			compatibilityVersion = "Xcode 3.2";
			developmentRegion = English;
			hasScannedForEncodings = 0;
			knownRegions = (
				en,
				Base,
			);
			mainGroup = CF19ACF81D02AE5F00634E1A;
			productRefGroup = CF19AD021D02AE5F00634E1A /* Products */;
			projectDirPath = "";
			projectRoot = "";
			targets = (
				CF19AD001D02AE5F00634E1A /* iPad_MeiTuan */,
				CF19AD191D02AE5F00634E1A /* iPad_MeiTuanTests */,
				CF19AD241D02AE5F00634E1A /* iPad_MeiTuanUITests */,
			);
		};
/* End PBXProject section */

/* Begin PBXResourcesBuildPhase section */
		CF19ACFF1D02AE5F00634E1A /* Resources */ = {
			isa = PBXResourcesBuildPhase;
			buildActionMask = 2147483647;
			files = (
				CF19AD411D02B47700634E1A /* JSTopItemView.xib in Resources */,
				CF19AD491D02C0BF00634E1A /* JSTwoTableView.xib in Resources */,
				CF19AD4F1D02C25200634E1A /* sorts.plist in Resources */,
				CF19AD111D02AE5F00634E1A /* Assets.xcassets in Resources */,
				CF19AD4E1D02C25200634E1A /* gz.plist in Resources */,
				CF19AD4D1D02C25200634E1A /* categories.plist in Resources */,
				CF19AD0F1D02AE5F00634E1A /* Main.storyboard in Resources */,
			);
			runOnlyForDeploymentPostprocessing = 0;
		};
		CF19AD181D02AE5F00634E1A /* Resources */ = {
			isa = PBXResourcesBuildPhase;
			buildActionMask = 2147483647;
			files = (
			);
			runOnlyForDeploymentPostprocessing = 0;
		};
		CF19AD231D02AE5F00634E1A /* Resources */ = {
			isa = PBXResourcesBuildPhase;
			buildActionMask = 2147483647;
			files = (
			);
			runOnlyForDeploymentPostprocessing = 0;
		};
/* End PBXResourcesBuildPhase section */

/* Begin PBXSourcesBuildPhase section */
		CF19ACFD1D02AE5F00634E1A /* Sources */ = {
			isa = PBXSourcesBuildPhase;
			buildActionMask = 2147483647;
			files = (
				CF19AD621D02C2DC00634E1A /* MJExtensionConst.m in Sources */,
				CF19AD3C1D02B22F00634E1A /* JSNavigationController.m in Sources */,
				CF19AD671D02C2DC00634E1A /* NSObject+MJKeyValue.m in Sources */,
				CF19AD0C1D02AE5F00634E1A /* ViewController.m in Sources */,
				CF19AD721D02C41600634E1A /* ZoneModel.m in Sources */,
				CF19AD641D02C2DC00634E1A /* MJProperty.m in Sources */,
				CF19AD631D02C2DC00634E1A /* MJFoundation.m in Sources */,
				CF19AD651D02C2DC00634E1A /* MJType.m in Sources */,
				CF19AD091D02AE5F00634E1A /* AppDelegate.m in Sources */,
				CF19AD751D02C44C00634E1A /* SortModel.m in Sources */,
				CF19AD691D02C2DC00634E1A /* NSString+MJExtension.m in Sources */,
				CF19AD6C1D02C35300634E1A /* CategoryModel.m in Sources */,
				CF19AD3F1D02B42800634E1A /* JSTopItemView.m in Sources */,
				CF19AD681D02C2DC00634E1A /* NSObject+MJProperty.m in Sources */,
				CF19AD661D02C2DC00634E1A /* NSObject+MJCoding.m in Sources */,
				CF19AD061D02AE5F00634E1A /* main.m in Sources */,
				CF19AD471D02C0B300634E1A /* JSTwoTableView.m in Sources */,
				CF19AD441D02BE5600634E1A /* JSCategoryVC.m in Sources */,
			);
			runOnlyForDeploymentPostprocessing = 0;
		};
		CF19AD161D02AE5F00634E1A /* Sources */ = {
			isa = PBXSourcesBuildPhase;
			buildActionMask = 2147483647;
			files = (
				CF19AD1F1D02AE5F00634E1A /* iPad_MeiTuanTests.m in Sources */,
			);
			runOnlyForDeploymentPostprocessing = 0;
		};
		CF19AD211D02AE5F00634E1A /* Sources */ = {
			isa = PBXSourcesBuildPhase;
			buildActionMask = 2147483647;
			files = (
				CF19AD2A1D02AE5F00634E1A /* iPad_MeiTuanUITests.m in Sources */,
			);
			runOnlyForDeploymentPostprocessing = 0;
		};
/* End PBXSourcesBuildPhase section */

/* Begin PBXTargetDependency section */
		CF19AD1C1D02AE5F00634E1A /* PBXTargetDependency */ = {
			isa = PBXTargetDependency;
			target = CF19AD001D02AE5F00634E1A /* iPad_MeiTuan */;
			targetProxy = CF19AD1B1D02AE5F00634E1A /* PBXContainerItemProxy */;
		};
		CF19AD271D02AE5F00634E1A /* PBXTargetDependency */ = {
			isa = PBXTargetDependency;
			target = CF19AD001D02AE5F00634E1A /* iPad_MeiTuan */;
			targetProxy = CF19AD261D02AE5F00634E1A /* PBXContainerItemProxy */;
		};
/* End PBXTargetDependency section */

/* Begin PBXVariantGroup section */
		CF19AD0D1D02AE5F00634E1A /* Main.storyboard */ = {
			isa = PBXVariantGroup;
			children = (
				CF19AD0E1D02AE5F00634E1A /* Base */,
			);
			name = Main.storyboard;
			sourceTree = "<group>";
		};
/* End PBXVariantGroup section */

/* Begin XCBuildConfiguration section */
		CF19AD2C1D02AE5F00634E1A /* Debug */ = {
			isa = XCBuildConfiguration;
			buildSettings = {
				ALWAYS_SEARCH_USER_PATHS = NO;
				CLANG_ANALYZER_NONNULL = YES;
				CLANG_CXX_LANGUAGE_STANDARD = "gnu++0x";
				CLANG_CXX_LIBRARY = "libc++";
				CLANG_ENABLE_MODULES = YES;
				CLANG_ENABLE_OBJC_ARC = YES;
				CLANG_WARN_BOOL_CONVERSION = YES;
				CLANG_WARN_CONSTANT_CONVERSION = YES;
				CLANG_WARN_DIRECT_OBJC_ISA_USAGE = YES_ERROR;
				CLANG_WARN_EMPTY_BODY = YES;
				CLANG_WARN_ENUM_CONVERSION = YES;
				CLANG_WARN_INT_CONVERSION = YES;
				CLANG_WARN_OBJC_ROOT_CLASS = YES_ERROR;
				CLANG_WARN_UNREACHABLE_CODE = YES;
				CLANG_WARN__DUPLICATE_METHOD_MATCH = YES;
				"CODE_SIGN_IDENTITY[sdk=iphoneos*]" = "iPhone Developer";
				COPY_PHASE_STRIP = NO;
				DEBUG_INFORMATION_FORMAT = dwarf;
				ENABLE_STRICT_OBJC_MSGSEND = YES;
				ENABLE_TESTABILITY = YES;
				GCC_C_LANGUAGE_STANDARD = gnu99;
				GCC_DYNAMIC_NO_PIC = NO;
				GCC_NO_COMMON_BLOCKS = YES;
				GCC_OPTIMIZATION_LEVEL = 0;
				GCC_PREPROCESSOR_DEFINITIONS = (
					"DEBUG=1",
					"$(inherited)",
				);
				GCC_WARN_64_TO_32_BIT_CONVERSION = YES;
				GCC_WARN_ABOUT_RETURN_TYPE = YES_ERROR;
				GCC_WARN_UNDECLARED_SELECTOR = YES;
				GCC_WARN_UNINITIALIZED_AUTOS = YES_AGGRESSIVE;
				GCC_WARN_UNUSED_FUNCTION = YES;
				GCC_WARN_UNUSED_VARIABLE = YES;
				IPHONEOS_DEPLOYMENT_TARGET = 9.3;
				MTL_ENABLE_DEBUG_INFO = YES;
				ONLY_ACTIVE_ARCH = YES;
				SDKROOT = iphoneos;
				TARGETED_DEVICE_FAMILY = 2;
			};
			name = Debug;
		};
		CF19AD2D1D02AE5F00634E1A /* Release */ = {
			isa = XCBuildConfiguration;
			buildSettings = {
				ALWAYS_SEARCH_USER_PATHS = NO;
				CLANG_ANALYZER_NONNULL = YES;
				CLANG_CXX_LANGUAGE_STANDARD = "gnu++0x";
				CLANG_CXX_LIBRARY = "libc++";
				CLANG_ENABLE_MODULES = YES;
				CLANG_ENABLE_OBJC_ARC = YES;
				CLANG_WARN_BOOL_CONVERSION = YES;
				CLANG_WARN_CONSTANT_CONVERSION = YES;
				CLANG_WARN_DIRECT_OBJC_ISA_USAGE = YES_ERROR;
				CLANG_WARN_EMPTY_BODY = YES;
				CLANG_WARN_ENUM_CONVERSION = YES;
				CLANG_WARN_INT_CONVERSION = YES;
				CLANG_WARN_OBJC_ROOT_CLASS = YES_ERROR;
				CLANG_WARN_UNREACHABLE_CODE = YES;
				CLANG_WARN__DUPLICATE_METHOD_MATCH = YES;
				"CODE_SIGN_IDENTITY[sdk=iphoneos*]" = "iPhone Developer";
				COPY_PHASE_STRIP = NO;
				DEBUG_INFORMATION_FORMAT = "dwarf-with-dsym";
				ENABLE_NS_ASSERTIONS = NO;
				ENABLE_STRICT_OBJC_MSGSEND = YES;
				GCC_C_LANGUAGE_STANDARD = gnu99;
				GCC_NO_COMMON_BLOCKS = YES;
				GCC_WARN_64_TO_32_BIT_CONVERSION = YES;
				GCC_WARN_ABOUT_RETURN_TYPE = YES_ERROR;
				GCC_WARN_UNDECLARED_SELECTOR = YES;
				GCC_WARN_UNINITIALIZED_AUTOS = YES_AGGRESSIVE;
				GCC_WARN_UNUSED_FUNCTION = YES;
				GCC_WARN_UNUSED_VARIABLE = YES;
				IPHONEOS_DEPLOYMENT_TARGET = 9.3;
				MTL_ENABLE_DEBUG_INFO = NO;
				SDKROOT = iphoneos;
				TARGETED_DEVICE_FAMILY = 2;
				VALIDATE_PRODUCT = YES;
			};
			name = Release;
		};
		CF19AD2F1D02AE5F00634E1A /* Debug */ = {
			isa = XCBuildConfiguration;
			buildSettings = {
				ASSETCATALOG_COMPILER_APPICON_NAME = AppIcon;
				ASSETCATALOG_COMPILER_LAUNCHIMAGE_NAME = LaunchImage;
				INFOPLIST_FILE = iPad_MeiTuan/Info.plist;
				LD_RUNPATH_SEARCH_PATHS = "$(inherited) @executable_path/Frameworks";
				PRODUCT_BUNDLE_IDENTIFIER = "com.jiangsu.iPad-MeiTuan";
				PRODUCT_NAME = "$(TARGET_NAME)";
			};
			name = Debug;
		};
		CF19AD301D02AE5F00634E1A /* Release */ = {
			isa = XCBuildConfiguration;
			buildSettings = {
				ASSETCATALOG_COMPILER_APPICON_NAME = AppIcon;
				ASSETCATALOG_COMPILER_LAUNCHIMAGE_NAME = LaunchImage;
				INFOPLIST_FILE = iPad_MeiTuan/Info.plist;
				LD_RUNPATH_SEARCH_PATHS = "$(inherited) @executable_path/Frameworks";
				PRODUCT_BUNDLE_IDENTIFIER = "com.jiangsu.iPad-MeiTuan";
				PRODUCT_NAME = "$(TARGET_NAME)";
			};
			name = Release;
		};
		CF19AD321D02AE5F00634E1A /* Debug */ = {
			isa = XCBuildConfiguration;
			buildSettings = {
				BUNDLE_LOADER = "$(TEST_HOST)";
				INFOPLIST_FILE = iPad_MeiTuanTests/Info.plist;
				LD_RUNPATH_SEARCH_PATHS = "$(inherited) @executable_path/Frameworks @loader_path/Frameworks";
				PRODUCT_BUNDLE_IDENTIFIER = "com.jiangsu.iPad-MeiTuanTests";
				PRODUCT_NAME = "$(TARGET_NAME)";
				TEST_HOST = "$(BUILT_PRODUCTS_DIR)/iPad_MeiTuan.app/iPad_MeiTuan";
			};
			name = Debug;
		};
		CF19AD331D02AE5F00634E1A /* Release */ = {
			isa = XCBuildConfiguration;
			buildSettings = {
				BUNDLE_LOADER = "$(TEST_HOST)";
				INFOPLIST_FILE = iPad_MeiTuanTests/Info.plist;
				LD_RUNPATH_SEARCH_PATHS = "$(inherited) @executable_path/Frameworks @loader_path/Frameworks";
				PRODUCT_BUNDLE_IDENTIFIER = "com.jiangsu.iPad-MeiTuanTests";
				PRODUCT_NAME = "$(TARGET_NAME)";
				TEST_HOST = "$(BUILT_PRODUCTS_DIR)/iPad_MeiTuan.app/iPad_MeiTuan";
			};
			name = Release;
		};
		CF19AD351D02AE5F00634E1A /* Debug */ = {
			isa = XCBuildConfiguration;
			buildSettings = {
				INFOPLIST_FILE = iPad_MeiTuanUITests/Info.plist;
				LD_RUNPATH_SEARCH_PATHS = "$(inherited) @executable_path/Frameworks @loader_path/Frameworks";
				PRODUCT_BUNDLE_IDENTIFIER = "com.jiangsu.iPad-MeiTuanUITests";
				PRODUCT_NAME = "$(TARGET_NAME)";
				TEST_TARGET_NAME = iPad_MeiTuan;
			};
			name = Debug;
		};
		CF19AD361D02AE5F00634E1A /* Release */ = {
			isa = XCBuildConfiguration;
			buildSettings = {
				INFOPLIST_FILE = iPad_MeiTuanUITests/Info.plist;
				LD_RUNPATH_SEARCH_PATHS = "$(inherited) @executable_path/Frameworks @loader_path/Frameworks";
				PRODUCT_BUNDLE_IDENTIFIER = "com.jiangsu.iPad-MeiTuanUITests";
				PRODUCT_NAME = "$(TARGET_NAME)";
				TEST_TARGET_NAME = iPad_MeiTuan;
			};
			name = Release;
		};
/* End XCBuildConfiguration section */

/* Begin XCConfigurationList section */
		CF19ACFC1D02AE5F00634E1A /* Build configuration list for PBXProject "iPad_MeiTuan" */ = {
			isa = XCConfigurationList;
			buildConfigurations = (
				CF19AD2C1D02AE5F00634E1A /* Debug */,
				CF19AD2D1D02AE5F00634E1A /* Release */,
			);
			defaultConfigurationIsVisible = 0;
			defaultConfigurationName = Release;
		};
		CF19AD2E1D02AE5F00634E1A /* Build configuration list for PBXNativeTarget "iPad_MeiTuan" */ = {
			isa = XCConfigurationList;
			buildConfigurations = (
				CF19AD2F1D02AE5F00634E1A /* Debug */,
				CF19AD301D02AE5F00634E1A /* Release */,
			);
			defaultConfigurationIsVisible = 0;
			defaultConfigurationName = Release;
		};
		CF19AD311D02AE5F00634E1A /* Build configuration list for PBXNativeTarget "iPad_MeiTuanTests" */ = {
			isa = XCConfigurationList;
			buildConfigurations = (
				CF19AD321D02AE5F00634E1A /* Debug */,
				CF19AD331D02AE5F00634E1A /* Release */,
			);
			defaultConfigurationIsVisible = 0;
			defaultConfigurationName = Release;
		};
		CF19AD341D02AE5F00634E1A /* Build configuration list for PBXNativeTarget "iPad_MeiTuanUITests" */ = {
			isa = XCConfigurationList;
			buildConfigurations = (
				CF19AD351D02AE5F00634E1A /* Debug */,
				CF19AD361D02AE5F00634E1A /* Release */,
			);
			defaultConfigurationIsVisible = 0;
			defaultConfigurationName = Release;
		};
/* End XCConfigurationList section */
	};
	rootObject = CF19ACF91D02AE5F00634E1A /* Project object */;
}
